<Solution>
  <Project Path="KronoGeo_Api.Infrastructure/KronoGeo_Api.Infrastructure.csproj" />
  <Project Path="KronoGeo_Api.Interface/KronoGeo_Api.Interface.csproj" />
  <Project Path="KronoGeo_Api.Models/KronoGeo_Api.Models.csproj" />
  <Project Path="KronoGeo_Api/KronoGeo_Api.csproj" />
</Solution>
